
Microsoft Visual Studio Solution File, Format Version 12.00
# Visual Studio 15
VisualStudioVersion = 15.0.27703.2035
MinimumVisualStudioVersion = 10.0.40219.1
Project("{FAE04EC0-301F-11D3-BF4B-00C04F79EFBC}") = "calculator", "calculator\calculator.csproj", "{7A2CAC33-21FF-4183-90DD-66AE1F7695BC}"
EndProject
Global
	GlobalSection(SolutionConfigurationPlatforms) = preSolution
		Debug|Any CPU = Debug|Any CPU
		Release|Any CPU = Release|Any CPU
	EndGlobalSection
	GlobalSection(ProjectConfigurationPlatforms) = postSolution
		{7A2CAC33-21FF-4183-90DD-66AE1F7695BC}.Debug|Any CPU.ActiveCfg = Debug|Any CPU
		{7A2CAC33-21FF-4183-90DD-66AE1F7695BC}.Debug|Any CPU.Build.0 = Debug|Any CPU
		{7A2CAC33-21FF-4183-90DD-66AE1F7695BC}.Release|Any CPU.ActiveCfg = Release|Any CPU
		{7A2CAC33-21FF-4183-90DD-66AE1F7695BC}.Release|Any CPU.Build.0 = Release|Any CPU
	EndGlobalSection
	GlobalSection(SolutionProperties) = preSolution
		HideSolutionNode = FALSE
	EndGlobalSection
	GlobalSection(ExtensibilityGlobals) = postSolution
		SolutionGuid = {706BE671-07E8-4071-A067-35F2D957DBD0}
	EndGlobalSection
EndGlobal
